
Microsoft Visual Studio Solution File, Format Version 12.00
# Visual Studio Version 17
VisualStudioVersion = 17.0.31903.59
MinimumVisualStudioVersion = 10.0.40219.1
Project("{9A19103F-16F7-4668-BE54-9A1E7A4F7556}") = "MySimpleAlbumStore.API", "src\MySimpleAlbumStore.API\MySimpleAlbumStore.API.csproj", "{C374127B-54D7-4D4E-AF39-5922FD5362AB}"
EndProject
Project("{9A19103F-16F7-4668-BE54-9A1E7A4F7556}") = "MySimpleAlbumStore.API.Tests", "tests\MySimpleAlbumStore.API.Tests\MySimpleAlbumStore.API.Tests.csproj", "{A016D408-694A-43BF-B77C-E0A472577090}"
EndProject
Project("{E53339B2-1760-4266-BCC7-CA923CBCF16C}") = "docker-compose", "docker-compose.dcproj", "{68A60912-6EAB-4487-9799-5C361BE793F4}"
EndProject
Global
	GlobalSection(SolutionConfigurationPlatforms) = preSolution
		Debug|Any CPU = Debug|Any CPU
		Release|Any CPU = Release|Any CPU
	EndGlobalSection
	GlobalSection(ProjectConfigurationPlatforms) = postSolution
		{C374127B-54D7-4D4E-AF39-5922FD5362AB}.Debug|Any CPU.ActiveCfg = Debug|Any CPU
		{C374127B-54D7-4D4E-AF39-5922FD5362AB}.Debug|Any CPU.Build.0 = Debug|Any CPU
		{C374127B-54D7-4D4E-AF39-5922FD5362AB}.Release|Any CPU.ActiveCfg = Release|Any CPU
		{C374127B-54D7-4D4E-AF39-5922FD5362AB}.Release|Any CPU.Build.0 = Release|Any CPU
		{A016D408-694A-43BF-B77C-E0A472577090}.Debug|Any CPU.ActiveCfg = Debug|Any CPU
		{A016D408-694A-43BF-B77C-E0A472577090}.Debug|Any CPU.Build.0 = Debug|Any CPU
		{A016D408-694A-43BF-B77C-E0A472577090}.Release|Any CPU.ActiveCfg = Release|Any CPU
		{A016D408-694A-43BF-B77C-E0A472577090}.Release|Any CPU.Build.0 = Release|Any CPU
		{68A60912-6EAB-4487-9799-5C361BE793F4}.Debug|Any CPU.ActiveCfg = Debug|Any CPU
		{68A60912-6EAB-4487-9799-5C361BE793F4}.Debug|Any CPU.Build.0 = Debug|Any CPU
		{68A60912-6EAB-4487-9799-5C361BE793F4}.Release|Any CPU.ActiveCfg = Release|Any CPU
		{68A60912-6EAB-4487-9799-5C361BE793F4}.Release|Any CPU.Build.0 = Release|Any CPU
	EndGlobalSection
	GlobalSection(SolutionProperties) = preSolution
		HideSolutionNode = FALSE
	EndGlobalSection
	GlobalSection(ExtensibilityGlobals) = postSolution
		SolutionGuid = {E36F7086-6997-471F-982C-79DB2BE4E632}
	EndGlobalSection
EndGlobal
